// !$*UTF8*$!
{
	archiveVersion = 1;
	classes = {
	};
	objectVersion = 56;
	objects = {

/* Begin PBXBuildFile section */
		D6EB9B792BB1B45300BB67FF /* AppDelegate.swift in Sources */ = {isa = PBXBuildFile; fileRef = D6EB9B782BB1B45300BB67FF /* AppDelegate.swift */; };
		D6EB9B7B2BB1B45300BB67FF /* SceneDelegate.swift in Sources */ = {isa = PBXBuildFile; fileRef = D6EB9B7A2BB1B45300BB67FF /* SceneDelegate.swift */; };
		D6EB9B7D2BB1B45300BB67FF /* KisiListe.swift in Sources */ = {isa = PBXBuildFile; fileRef = D6EB9B7C2BB1B45300BB67FF /* KisiListe.swift */; };
		D6EB9B802BB1B45300BB67FF /* Main.storyboard in Resources */ = {isa = PBXBuildFile; fileRef = D6EB9B7E2BB1B45300BB67FF /* Main.storyboard */; };
		D6EB9B822BB1B45400BB67FF /* Assets.xcassets in Resources */ = {isa = PBXBuildFile; fileRef = D6EB9B812BB1B45400BB67FF /* Assets.xcassets */; };
		D6EB9B852BB1B45400BB67FF /* LaunchScreen.storyboard in Resources */ = {isa = PBXBuildFile; fileRef = D6EB9B832BB1B45400BB67FF /* LaunchScreen.storyboard */; };
		D6EB9B912BB1B4F900BB67FF /* KisiKayit.swift in Sources */ = {isa = PBXBuildFile; fileRef = D6EB9B902BB1B4F900BB67FF /* KisiKayit.swift */; };
		D6EB9B932BB1B50A00BB67FF /* KisiDetay.swift in Sources */ = {isa = PBXBuildFile; fileRef = D6EB9B922BB1B50A00BB67FF /* KisiDetay.swift */; };
		D6EB9B952BB1B57500BB67FF /* Kisiler.swift in Sources */ = {isa = PBXBuildFile; fileRef = D6EB9B942BB1B57500BB67FF /* Kisiler.swift */; };
/* End PBXBuildFile section */

/* Begin PBXFileReference section */
		D6EB9B752BB1B45300BB67FF /* KisilerUygulamasi.app */ = {isa = PBXFileReference; explicitFileType = wrapper.application; includeInIndex = 0; path = KisilerUygulamasi.app; sourceTree = BUILT_PRODUCTS_DIR; };
		D6EB9B782BB1B45300BB67FF /* AppDelegate.swift */ = {isa = PBXFileReference; lastKnownFileType = sourcecode.swift; path = AppDelegate.swift; sourceTree = "<group>"; };
		D6EB9B7A2BB1B45300BB67FF /* SceneDelegate.swift */ = {isa = PBXFileReference; lastKnownFileType = sourcecode.swift; path = SceneDelegate.swift; sourceTree = "<group>"; };
		D6EB9B7C2BB1B45300BB67FF /* KisiListe.swift */ = {isa = PBXFileReference; lastKnownFileType = sourcecode.swift; path = KisiListe.swift; sourceTree = "<group>"; };
		D6EB9B7F2BB1B45300BB67FF /* Base */ = {isa = PBXFileReference; lastKnownFileType = file.storyboard; name = Base; path = Base.lproj/Main.storyboard; sourceTree = "<group>"; };
		D6EB9B812BB1B45400BB67FF /* Assets.xcassets */ = {isa = PBXFileReference; lastKnownFileType = folder.assetcatalog; path = Assets.xcassets; sourceTree = "<group>"; };
		D6EB9B842BB1B45400BB67FF /* Base */ = {isa = PBXFileReference; lastKnownFileType = file.storyboard; name = Base; path = Base.lproj/LaunchScreen.storyboard; sourceTree = "<group>"; };
		D6EB9B862BB1B45400BB67FF /* Info.plist */ = {isa = PBXFileReference; lastKnownFileType = text.plist.xml; path = Info.plist; sourceTree = "<group>"; };
		D6EB9B902BB1B4F900BB67FF /* KisiKayit.swift */ = {isa = PBXFileReference; lastKnownFileType = sourcecode.swift; path = KisiKayit.swift; sourceTree = "<group>"; };
		D6EB9B922BB1B50A00BB67FF /* KisiDetay.swift */ = {isa = PBXFileReference; lastKnownFileType = sourcecode.swift; path = KisiDetay.swift; sourceTree = "<group>"; };
		D6EB9B942BB1B57500BB67FF /* Kisiler.swift */ = {isa = PBXFileReference; lastKnownFileType = sourcecode.swift; path = Kisiler.swift; sourceTree = "<group>"; };
/* End PBXFileReference section */

/* Begin PBXFrameworksBuildPhase section */
		D6EB9B722BB1B45300BB67FF /* Frameworks */ = {
			isa = PBXFrameworksBuildPhase;
			buildActionMask = 2147483647;
			files = (
			);
			runOnlyForDeploymentPostprocessing = 0;
		};
/* End PBXFrameworksBuildPhase section */

/* Begin PBXGroup section */
		D6EB9B6C2BB1B45300BB67FF = {
			isa = PBXGroup;
			children = (
				D6EB9B772BB1B45300BB67FF /* KisilerUygulamasi */,
				D6EB9B762BB1B45300BB67FF /* Products */,
			);
			sourceTree = "<group>";
		};
		D6EB9B762BB1B45300BB67FF /* Products */ = {
			isa = PBXGroup;
			children = (
				D6EB9B752BB1B45300BB67FF /* KisilerUygulamasi.app */,
			);
			name = Products;
			sourceTree = "<group>";
		};
		D6EB9B772BB1B45300BB67FF /* KisilerUygulamasi */ = {
			isa = PBXGroup;
			children = (
				D6EB9B782BB1B45300BB67FF /* AppDelegate.swift */,
				D6EB9B7A2BB1B45300BB67FF /* SceneDelegate.swift */,
				D6EB9B8D2BB1B49E00BB67FF /* UI */,
				D6EB9B8C2BB1B49600BB67FF /* Data */,
				D6EB9B7E2BB1B45300BB67FF /* Main.storyboard */,
				D6EB9B812BB1B45400BB67FF /* Assets.xcassets */,
				D6EB9B832BB1B45400BB67FF /* LaunchScreen.storyboard */,
				D6EB9B862BB1B45400BB67FF /* Info.plist */,
			);
			path = KisilerUygulamasi;
			sourceTree = "<group>";
		};
		D6EB9B8C2BB1B49600BB67FF /* Data */ = {
			isa = PBXGroup;
			children = (
				D6EB9B8E2BB1B4B900BB67FF /* Entity */,
			);
			path = Data;
			sourceTree = "<group>";
		};
		D6EB9B8D2BB1B49E00BB67FF /* UI */ = {
			isa = PBXGroup;
			children = (
				D6EB9B8F2BB1B4C400BB67FF /* Views */,
			);
			path = UI;
			sourceTree = "<group>";
		};
		D6EB9B8E2BB1B4B900BB67FF /* Entity */ = {
			isa = PBXGroup;
			children = (
				D6EB9B942BB1B57500BB67FF /* Kisiler.swift */,
			);
			path = Entity;
			sourceTree = "<group>";
		};
		D6EB9B8F2BB1B4C400BB67FF /* Views */ = {
			isa = PBXGroup;
			children = (
				D6EB9B7C2BB1B45300BB67FF /* KisiListe.swift */,
				D6EB9B902BB1B4F900BB67FF /* KisiKayit.swift */,
				D6EB9B922BB1B50A00BB67FF /* KisiDetay.swift */,
			);
			path = Views;
			sourceTree = "<group>";
		};
/* End PBXGroup section */

/* Begin PBXNativeTarget section */
		D6EB9B742BB1B45300BB67FF /* KisilerUygulamasi */ = {
			isa = PBXNativeTarget;
			buildConfigurationList = D6EB9B892BB1B45400BB67FF /* Build configuration list for PBXNativeTarget "KisilerUygulamasi" */;
			buildPhases = (
				D6EB9B712BB1B45300BB67FF /* Sources */,
				D6EB9B722BB1B45300BB67FF /* Frameworks */,
				D6EB9B732BB1B45300BB67FF /* Resources */,
			);
			buildRules = (
			);
			dependencies = (
			);
			name = KisilerUygulamasi;
			productName = KisilerUygulamasi;
			productReference = D6EB9B752BB1B45300BB67FF /* KisilerUygulamasi.app */;
			productType = "com.apple.product-type.application";
		};
/* End PBXNativeTarget section */

/* Begin PBXProject section */
		D6EB9B6D2BB1B45300BB67FF /* Project object */ = {
			isa = PBXProject;
			attributes = {
				BuildIndependentTargetsInParallel = 1;
				LastSwiftUpdateCheck = 1520;
				LastUpgradeCheck = 1520;
				TargetAttributes = {
					D6EB9B742BB1B45300BB67FF = {
						CreatedOnToolsVersion = 15.2;
					};
				};
			};
			buildConfigurationList = D6EB9B702BB1B45300BB67FF /* Build configuration list for PBXProject "KisilerUygulamasi" */;
			compatibilityVersion = "Xcode 14.0";
			developmentRegion = en;
			hasScannedForEncodings = 0;
			knownRegions = (
				en,
				Base,
			);
			mainGroup = D6EB9B6C2BB1B45300BB67FF;
			productRefGroup = D6EB9B762BB1B45300BB67FF /* Products */;
			projectDirPath = "";
			projectRoot = "";
			targets = (
				D6EB9B742BB1B45300BB67FF /* KisilerUygulamasi */,
			);
		};
/* End PBXProject section */

/* Begin PBXResourcesBuildPhase section */
		D6EB9B732BB1B45300BB67FF /* Resources */ = {
			isa = PBXResourcesBuildPhase;
			buildActionMask = 2147483647;
			files = (
				D6EB9B852BB1B45400BB67FF /* LaunchScreen.storyboard in Resources */,
				D6EB9B822BB1B45400BB67FF /* Assets.xcassets in Resources */,
				D6EB9B802BB1B45300BB67FF /* Main.storyboard in Resources */,
			);
			runOnlyForDeploymentPostprocessing = 0;
		};
/* End PBXResourcesBuildPhase section */

/* Begin PBXSourcesBuildPhase section */
		D6EB9B712BB1B45300BB67FF /* Sources */ = {
			isa = PBXSourcesBuildPhase;
			buildActionMask = 2147483647;
			files = (
				D6EB9B912BB1B4F900BB67FF /* KisiKayit.swift in Sources */,
				D6EB9B932BB1B50A00BB67FF /* KisiDetay.swift in Sources */,
				D6EB9B7D2BB1B45300BB67FF /* KisiListe.swift in Sources */,
				D6EB9B792BB1B45300BB67FF /* AppDelegate.swift in Sources */,
				D6EB9B7B2BB1B45300BB67FF /* SceneDelegate.swift in Sources */,
				D6EB9B952BB1B57500BB67FF /* Kisiler.swift in Sources */,
			);
			runOnlyForDeploymentPostprocessing = 0;
		};
/* End PBXSourcesBuildPhase section */

/* Begin PBXVariantGroup section */
		D6EB9B7E2BB1B45300BB67FF /* Main.storyboard */ = {
			isa = PBXVariantGroup;
			children = (
				D6EB9B7F2BB1B45300BB67FF /* Base */,
			);
			name = Main.storyboard;
			sourceTree = "<group>";
		};
		D6EB9B832BB1B45400BB67FF /* LaunchScreen.storyboard */ = {
			isa = PBXVariantGroup;
			children = (
				D6EB9B842BB1B45400BB67FF /* Base */,
			);
			name = LaunchScreen.storyboard;
			sourceTree = "<group>";
		};
/* End PBXVariantGroup section */

/* Begin XCBuildConfiguration section */
		D6EB9B872BB1B45400BB67FF /* Debug */ = {
			isa = XCBuildConfiguration;
			buildSettings = {
				ALWAYS_SEARCH_USER_PATHS = NO;
				ASSETCATALOG_COMPILER_GENERATE_SWIFT_ASSET_SYMBOL_EXTENSIONS = YES;
				CLANG_ANALYZER_NONNULL = YES;
				CLANG_ANALYZER_NUMBER_OBJECT_CONVERSION = YES_AGGRESSIVE;
				CLANG_CXX_LANGUAGE_STANDARD = "gnu++20";
				CLANG_ENABLE_MODULES = YES;
				CLANG_ENABLE_OBJC_ARC = YES;
				CLANG_ENABLE_OBJC_WEAK = YES;
				CLANG_WARN_BLOCK_CAPTURE_AUTORELEASING = YES;
				CLANG_WARN_BOOL_CONVERSION = YES;
				CLANG_WARN_COMMA = YES;
				CLANG_WARN_CONSTANT_CONVERSION = YES;
				CLANG_WARN_DEPRECATED_OBJC_IMPLEMENTATIONS = YES;
				CLANG_WARN_DIRECT_OBJC_ISA_USAGE = YES_ERROR;
				CLANG_WARN_DOCUMENTATION_COMMENTS = YES;
				CLANG_WARN_EMPTY_BODY = YES;
				CLANG_WARN_ENUM_CONVERSION = YES;
				CLANG_WARN_INFINITE_RECURSION = YES;
				CLANG_WARN_INT_CONVERSION = YES;
				CLANG_WARN_NON_LITERAL_NULL_CONVERSION = YES;
				CLANG_WARN_OBJC_IMPLICIT_RETAIN_SELF = YES;
				CLANG_WARN_OBJC_LITERAL_CONVERSION = YES;
				CLANG_WARN_OBJC_ROOT_CLASS = YES_ERROR;
				CLANG_WARN_QUOTED_INCLUDE_IN_FRAMEWORK_HEADER = YES;
				CLANG_WARN_RANGE_LOOP_ANALYSIS = YES;
				CLANG_WARN_STRICT_PROTOTYPES = YES;
				CLANG_WARN_SUSPICIOUS_MOVE = YES;
				CLANG_WARN_UNGUARDED_AVAILABILITY = YES_AGGRESSIVE;
				CLANG_WARN_UNREACHABLE_CODE = YES;
				CLANG_WARN__DUPLICATE_METHOD_MATCH = YES;
				COPY_PHASE_STRIP = NO;
				DEBUG_INFORMATION_FORMAT = dwarf;
				ENABLE_STRICT_OBJC_MSGSEND = YES;
				ENABLE_TESTABILITY = YES;
				ENABLE_USER_SCRIPT_SANDBOXING = YES;
				GCC_C_LANGUAGE_STANDARD = gnu17;
				GCC_DYNAMIC_NO_PIC = NO;
				GCC_NO_COMMON_BLOCKS = YES;
				GCC_OPTIMIZATION_LEVEL = 0;
				GCC_PREPROCESSOR_DEFINITIONS = (
					"DEBUG=1",
					"$(inherited)",
				);
				GCC_WARN_64_TO_32_BIT_CONVERSION = YES;
				GCC_WARN_ABOUT_RETURN_TYPE = YES_ERROR;
				GCC_WARN_UNDECLARED_SELECTOR = YES;
				GCC_WARN_UNINITIALIZED_AUTOS = YES_AGGRESSIVE;
				GCC_WARN_UNUSED_FUNCTION = YES;
				GCC_WARN_UNUSED_VARIABLE = YES;
				IPHONEOS_DEPLOYMENT_TARGET = 17.2;
				LOCALIZATION_PREFERS_STRING_CATALOGS = YES;
				MTL_ENABLE_DEBUG_INFO = INCLUDE_SOURCE;
				MTL_FAST_MATH = YES;
				ONLY_ACTIVE_ARCH = YES;
				SDKROOT = iphoneos;
				SWIFT_ACTIVE_COMPILATION_CONDITIONS = "DEBUG $(inherited)";
				SWIFT_OPTIMIZATION_LEVEL = "-Onone";
			};
			name = Debug;
		};
		D6EB9B882BB1B45400BB67FF /* Release */ = {
			isa = XCBuildConfiguration;
			buildSettings = {
				ALWAYS_SEARCH_USER_PATHS = NO;
				ASSETCATALOG_COMPILER_GENERATE_SWIFT_ASSET_SYMBOL_EXTENSIONS = YES;
				CLANG_ANALYZER_NONNULL = YES;
				CLANG_ANALYZER_NUMBER_OBJECT_CONVERSION = YES_AGGRESSIVE;
				CLANG_CXX_LANGUAGE_STANDARD = "gnu++20";
				CLANG_ENABLE_MODULES = YES;
				CLANG_ENABLE_OBJC_ARC = YES;
				CLANG_ENABLE_OBJC_WEAK = YES;
				CLANG_WARN_BLOCK_CAPTURE_AUTORELEASING = YES;
				CLANG_WARN_BOOL_CONVERSION = YES;
				CLANG_WARN_COMMA = YES;
				CLANG_WARN_CONSTANT_CONVERSION = YES;
				CLANG_WARN_DEPRECATED_OBJC_IMPLEMENTATIONS = YES;
				CLANG_WARN_DIRECT_OBJC_ISA_USAGE = YES_ERROR;
				CLANG_WARN_DOCUMENTATION_COMMENTS = YES;
				CLANG_WARN_EMPTY_BODY = YES;
				CLANG_WARN_ENUM_CONVERSION = YES;
				CLANG_WARN_INFINITE_RECURSION = YES;
				CLANG_WARN_INT_CONVERSION = YES;
				CLANG_WARN_NON_LITERAL_NULL_CONVERSION = YES;
				CLANG_WARN_OBJC_IMPLICIT_RETAIN_SELF = YES;
				CLANG_WARN_OBJC_LITERAL_CONVERSION = YES;
				CLANG_WARN_OBJC_ROOT_CLASS = YES_ERROR;
				CLANG_WARN_QUOTED_INCLUDE_IN_FRAMEWORK_HEADER = YES;
				CLANG_WARN_RANGE_LOOP_ANALYSIS = YES;
				CLANG_WARN_STRICT_PROTOTYPES = YES;
				CLANG_WARN_SUSPICIOUS_MOVE = YES;
				CLANG_WARN_UNGUARDED_AVAILABILITY = YES_AGGRESSIVE;
				CLANG_WARN_UNREACHABLE_CODE = YES;
				CLANG_WARN__DUPLICATE_METHOD_MATCH = YES;
				COPY_PHASE_STRIP = NO;
				DEBUG_INFORMATION_FORMAT = "dwarf-with-dsym";
				ENABLE_NS_ASSERTIONS = NO;
				ENABLE_STRICT_OBJC_MSGSEND = YES;
				ENABLE_USER_SCRIPT_SANDBOXING = YES;
				GCC_C_LANGUAGE_STANDARD = gnu17;
				GCC_NO_COMMON_BLOCKS = YES;
				GCC_WARN_64_TO_32_BIT_CONVERSION = YES;
				GCC_WARN_ABOUT_RETURN_TYPE = YES_ERROR;
				GCC_WARN_UNDECLARED_SELECTOR = YES;
				GCC_WARN_UNINITIALIZED_AUTOS = YES_AGGRESSIVE;
				GCC_WARN_UNUSED_FUNCTION = YES;
				GCC_WARN_UNUSED_VARIABLE = YES;
				IPHONEOS_DEPLOYMENT_TARGET = 17.2;
				LOCALIZATION_PREFERS_STRING_CATALOGS = YES;
				MTL_ENABLE_DEBUG_INFO = NO;
				MTL_FAST_MATH = YES;
				SDKROOT = iphoneos;
				SWIFT_COMPILATION_MODE = wholemodule;
				VALIDATE_PRODUCT = YES;
			};
			name = Release;
		};
		D6EB9B8A2BB1B45400BB67FF /* Debug */ = {
			isa = XCBuildConfiguration;
			buildSettings = {
				ASSETCATALOG_COMPILER_APPICON_NAME = AppIcon;
				ASSETCATALOG_COMPILER_GLOBAL_ACCENT_COLOR_NAME = AccentColor;
				CODE_SIGN_STYLE = Automatic;
				CURRENT_PROJECT_VERSION = 1;
				GENERATE_INFOPLIST_FILE = YES;
				INFOPLIST_FILE = KisilerUygulamasi/Info.plist;
				INFOPLIST_KEY_UIApplicationSupportsIndirectInputEvents = YES;
				INFOPLIST_KEY_UILaunchStoryboardName = LaunchScreen;
				INFOPLIST_KEY_UIMainStoryboardFile = Main;
				INFOPLIST_KEY_UISupportedInterfaceOrientations_iPad = "UIInterfaceOrientationPortrait UIInterfaceOrientationPortraitUpsideDown UIInterfaceOrientationLandscapeLeft UIInterfaceOrientationLandscapeRight";
				INFOPLIST_KEY_UISupportedInterfaceOrientations_iPhone = "UIInterfaceOrientationPortrait UIInterfaceOrientationLandscapeLeft UIInterfaceOrientationLandscapeRight";
				LD_RUNPATH_SEARCH_PATHS = (
					"$(inherited)",
					"@executable_path/Frameworks",
				);
				MARKETING_VERSION = 1.0;
				PRODUCT_BUNDLE_IDENTIFIER = com.mustafatavasli.KisilerUygulamasi;
				PRODUCT_NAME = "$(TARGET_NAME)";
				SWIFT_EMIT_LOC_STRINGS = YES;
				SWIFT_VERSION = 5.0;
				TARGETED_DEVICE_FAMILY = "1,2";
			};
			name = Debug;
		};
		D6EB9B8B2BB1B45400BB67FF /* Release */ = {
			isa = XCBuildConfiguration;
			buildSettings = {
				ASSETCATALOG_COMPILER_APPICON_NAME = AppIcon;
				ASSETCATALOG_COMPILER_GLOBAL_ACCENT_COLOR_NAME = AccentColor;
				CODE_SIGN_STYLE = Automatic;
				CURRENT_PROJECT_VERSION = 1;
				GENERATE_INFOPLIST_FILE = YES;
				INFOPLIST_FILE = KisilerUygulamasi/Info.plist;
				INFOPLIST_KEY_UIApplicationSupportsIndirectInputEvents = YES;
				INFOPLIST_KEY_UILaunchStoryboardName = LaunchScreen;
				INFOPLIST_KEY_UIMainStoryboardFile = Main;
				INFOPLIST_KEY_UISupportedInterfaceOrientations_iPad = "UIInterfaceOrientationPortrait UIInterfaceOrientationPortraitUpsideDown UIInterfaceOrientationLandscapeLeft UIInterfaceOrientationLandscapeRight";
				INFOPLIST_KEY_UISupportedInterfaceOrientations_iPhone = "UIInterfaceOrientationPortrait UIInterfaceOrientationLandscapeLeft UIInterfaceOrientationLandscapeRight";
				LD_RUNPATH_SEARCH_PATHS = (
					"$(inherited)",
					"@executable_path/Frameworks",
				);
				MARKETING_VERSION = 1.0;
				PRODUCT_BUNDLE_IDENTIFIER = com.mustafatavasli.KisilerUygulamasi;
				PRODUCT_NAME = "$(TARGET_NAME)";
				SWIFT_EMIT_LOC_STRINGS = YES;
				SWIFT_VERSION = 5.0;
				TARGETED_DEVICE_FAMILY = "1,2";
			};
			name = Release;
		};
/* End XCBuildConfiguration section */

/* Begin XCConfigurationList section */
		D6EB9B702BB1B45300BB67FF /* Build configuration list for PBXProject "KisilerUygulamasi" */ = {
			isa = XCConfigurationList;
			buildConfigurations = (
				D6EB9B872BB1B45400BB67FF /* Debug */,
				D6EB9B882BB1B45400BB67FF /* Release */,
			);
			defaultConfigurationIsVisible = 0;
			defaultConfigurationName = Release;
		};
		D6EB9B892BB1B45400BB67FF /* Build configuration list for PBXNativeTarget "KisilerUygulamasi" */ = {
			isa = XCConfigurationList;
			buildConfigurations = (
				D6EB9B8A2BB1B45400BB67FF /* Debug */,
				D6EB9B8B2BB1B45400BB67FF /* Release */,
			);
			defaultConfigurationIsVisible = 0;
			defaultConfigurationName = Release;
		};
/* End XCConfigurationList section */
	};
	rootObject = D6EB9B6D2BB1B45300BB67FF /* Project object */;
}
